
Microsoft Visual Studio Solution File, Format Version 12.00
# Visual Studio Version 17
VisualStudioVersion = 17.4.33103.184
MinimumVisualStudioVersion = 10.0.40219.1
Project("{9A19103F-16F7-4668-BE54-9A1E7A4F7556}") = "CSharp进阶", "CSharp进阶\CSharp进阶.csproj", "{EF78B57B-50C7-422A-B6B4-658B83660E3C}"
EndProject
Project("{9A19103F-16F7-4668-BE54-9A1E7A4F7556}") = "进阶_ArrayList", "进阶_ArrayList\进阶_ArrayList.csproj", "{DB747548-1213-43A2-8306-C497CB7177B4}"
EndProject
Project("{9A19103F-16F7-4668-BE54-9A1E7A4F7556}") = "哈希表", "哈希表\哈希表.csproj", "{EFE41E26-6799-4F7C-8F21-38C8AE54076D}"
EndProject
Project("{9A19103F-16F7-4668-BE54-9A1E7A4F7556}") = "Lesson5_泛型", "Lesson5_泛型\Lesson5_泛型.csproj", "{73214F84-8064-4A65-A402-26A551F0EFAB}"
EndProject
Project("{9A19103F-16F7-4668-BE54-9A1E7A4F7556}") = "泛型约束", "泛型约束\泛型约束.csproj", "{C9EFB333-E04C-4A27-A031-E64F0FF129EC}"
EndProject
Project("{9A19103F-16F7-4668-BE54-9A1E7A4F7556}") = "字典", "字典\字典.csproj", "{96D1EDF9-6675-434A-BC62-8AEE0F1C4742}"
EndProject
Project("{9A19103F-16F7-4668-BE54-9A1E7A4F7556}") = "顺序存储和链式存储", "顺序存储和链式存储\顺序存储和链式存储.csproj", "{4CAF0BF2-487B-45B4-B7C3-E5A456BCE962}"
EndProject
Project("{9A19103F-16F7-4668-BE54-9A1E7A4F7556}") = "LinkList链表", "LinkList链表\LinkList链表.csproj", "{6EB81F27-A7AF-450F-854A-BBCBD3248C16}"
EndProject
Project("{9A19103F-16F7-4668-BE54-9A1E7A4F7556}") = "委托", "委托\委托.csproj", "{23BCBBA1-02AE-4B8D-B2DC-F5F7C7B4DB49}"
EndProject
Project("{9A19103F-16F7-4668-BE54-9A1E7A4F7556}") = "事件", "事件\事件.csproj", "{7C37D836-1E92-451F-B2D4-45E42601FA67}"
EndProject
Project("{9A19103F-16F7-4668-BE54-9A1E7A4F7556}") = "匿名函数", "匿名函数\匿名函数.csproj", "{7EB08996-B978-4B02-BF97-ECE7569BD3B2}"
EndProject
Project("{9A19103F-16F7-4668-BE54-9A1E7A4F7556}") = "lambad表达式", "lambad表达式\lambad表达式.csproj", "{7E9558F7-98B8-4A77-AC92-246C44667579}"
EndProject
Project("{9A19103F-16F7-4668-BE54-9A1E7A4F7556}") = "Test", "Test\Test.csproj", "{9C7B5D4E-EFF0-4BBA-9DA2-06492C946724}"
EndProject
Project("{9A19103F-16F7-4668-BE54-9A1E7A4F7556}") = "List排序", "List排序\List排序.csproj", "{8ECABE3D-C2CC-48E4-88BF-8D9F92E1F90C}"
EndProject
Project("{9A19103F-16F7-4668-BE54-9A1E7A4F7556}") = "协变逆变", "协变逆变\协变逆变.csproj", "{2232F813-DC17-4213-BC43-DD384EC55B04}"
EndProject
Project("{9A19103F-16F7-4668-BE54-9A1E7A4F7556}") = "多线程", "多线程\多线程.csproj", "{EF6BB5B2-F1BE-4489-B232-327C66F8AE75}"
EndProject
Project("{9A19103F-16F7-4668-BE54-9A1E7A4F7556}") = "预处理器指令", "预处理器指令\预处理器指令.csproj", "{2DF37287-58A0-453E-ADFA-6C062177229C}"
EndProject
Project("{9A19103F-16F7-4668-BE54-9A1E7A4F7556}") = "概念和关键类Type", "概念和关键类Type\概念和关键类Type.csproj", "{7DF10F8B-5944-4CEF-B288-F1D395521F88}"
EndProject
Project("{9A19103F-16F7-4668-BE54-9A1E7A4F7556}") = "反射加载的数据", "反射加载的数据\反射加载的数据.csproj", "{48FC5C5A-D233-451F-9883-8BC393F6CBD3}"
EndProject
Project("{9A19103F-16F7-4668-BE54-9A1E7A4F7556}") = "特性", "特性\特性.csproj", "{3F21B8C7-8614-4696-9314-79DDF1A18E4D}"
EndProject
Project("{9A19103F-16F7-4668-BE54-9A1E7A4F7556}") = "迭代器", "迭代器\迭代器.csproj", "{F1A6A0B4-8EB0-4DAC-A3A7-4794847BE524}"
EndProject
Project("{9A19103F-16F7-4668-BE54-9A1E7A4F7556}") = "特殊类型", "特殊类型\特殊类型.csproj", "{08334DD3-02FA-4322-90F8-8DB2DA6D9142}"
EndProject
Project("{FAE04EC0-301F-11D3-BF4B-00C04F79EFBC}") = "值类型和引用类型补充", "值类型和引用类型补充\值类型和引用类型补充.csproj", "{28F92558-33D8-4524-A5B7-BF22DCC230BB}"
EndProject
Global
	GlobalSection(SolutionConfigurationPlatforms) = preSolution
		Debug|Any CPU = Debug|Any CPU
		Release|Any CPU = Release|Any CPU
	EndGlobalSection
	GlobalSection(ProjectConfigurationPlatforms) = postSolution
		{EF78B57B-50C7-422A-B6B4-658B83660E3C}.Debug|Any CPU.ActiveCfg = Debug|Any CPU
		{EF78B57B-50C7-422A-B6B4-658B83660E3C}.Debug|Any CPU.Build.0 = Debug|Any CPU
		{EF78B57B-50C7-422A-B6B4-658B83660E3C}.Release|Any CPU.ActiveCfg = Release|Any CPU
		{EF78B57B-50C7-422A-B6B4-658B83660E3C}.Release|Any CPU.Build.0 = Release|Any CPU
		{DB747548-1213-43A2-8306-C497CB7177B4}.Debug|Any CPU.ActiveCfg = Debug|Any CPU
		{DB747548-1213-43A2-8306-C497CB7177B4}.Debug|Any CPU.Build.0 = Debug|Any CPU
		{DB747548-1213-43A2-8306-C497CB7177B4}.Release|Any CPU.ActiveCfg = Release|Any CPU
		{DB747548-1213-43A2-8306-C497CB7177B4}.Release|Any CPU.Build.0 = Release|Any CPU
		{EFE41E26-6799-4F7C-8F21-38C8AE54076D}.Debug|Any CPU.ActiveCfg = Debug|Any CPU
		{EFE41E26-6799-4F7C-8F21-38C8AE54076D}.Debug|Any CPU.Build.0 = Debug|Any CPU
		{EFE41E26-6799-4F7C-8F21-38C8AE54076D}.Release|Any CPU.ActiveCfg = Release|Any CPU
		{EFE41E26-6799-4F7C-8F21-38C8AE54076D}.Release|Any CPU.Build.0 = Release|Any CPU
		{73214F84-8064-4A65-A402-26A551F0EFAB}.Debug|Any CPU.ActiveCfg = Debug|Any CPU
		{73214F84-8064-4A65-A402-26A551F0EFAB}.Debug|Any CPU.Build.0 = Debug|Any CPU
		{73214F84-8064-4A65-A402-26A551F0EFAB}.Release|Any CPU.ActiveCfg = Release|Any CPU
		{73214F84-8064-4A65-A402-26A551F0EFAB}.Release|Any CPU.Build.0 = Release|Any CPU
		{C9EFB333-E04C-4A27-A031-E64F0FF129EC}.Debug|Any CPU.ActiveCfg = Debug|Any CPU
		{C9EFB333-E04C-4A27-A031-E64F0FF129EC}.Debug|Any CPU.Build.0 = Debug|Any CPU
		{C9EFB333-E04C-4A27-A031-E64F0FF129EC}.Release|Any CPU.ActiveCfg = Release|Any CPU
		{C9EFB333-E04C-4A27-A031-E64F0FF129EC}.Release|Any CPU.Build.0 = Release|Any CPU
		{96D1EDF9-6675-434A-BC62-8AEE0F1C4742}.Debug|Any CPU.ActiveCfg = Debug|Any CPU
		{96D1EDF9-6675-434A-BC62-8AEE0F1C4742}.Debug|Any CPU.Build.0 = Debug|Any CPU
		{96D1EDF9-6675-434A-BC62-8AEE0F1C4742}.Release|Any CPU.ActiveCfg = Release|Any CPU
		{96D1EDF9-6675-434A-BC62-8AEE0F1C4742}.Release|Any CPU.Build.0 = Release|Any CPU
		{4CAF0BF2-487B-45B4-B7C3-E5A456BCE962}.Debug|Any CPU.ActiveCfg = Debug|Any CPU
		{4CAF0BF2-487B-45B4-B7C3-E5A456BCE962}.Debug|Any CPU.Build.0 = Debug|Any CPU
		{4CAF0BF2-487B-45B4-B7C3-E5A456BCE962}.Release|Any CPU.ActiveCfg = Release|Any CPU
		{4CAF0BF2-487B-45B4-B7C3-E5A456BCE962}.Release|Any CPU.Build.0 = Release|Any CPU
		{6EB81F27-A7AF-450F-854A-BBCBD3248C16}.Debug|Any CPU.ActiveCfg = Debug|Any CPU
		{6EB81F27-A7AF-450F-854A-BBCBD3248C16}.Debug|Any CPU.Build.0 = Debug|Any CPU
		{6EB81F27-A7AF-450F-854A-BBCBD3248C16}.Release|Any CPU.ActiveCfg = Release|Any CPU
		{6EB81F27-A7AF-450F-854A-BBCBD3248C16}.Release|Any CPU.Build.0 = Release|Any CPU
		{23BCBBA1-02AE-4B8D-B2DC-F5F7C7B4DB49}.Debug|Any CPU.ActiveCfg = Debug|Any CPU
		{23BCBBA1-02AE-4B8D-B2DC-F5F7C7B4DB49}.Debug|Any CPU.Build.0 = Debug|Any CPU
		{23BCBBA1-02AE-4B8D-B2DC-F5F7C7B4DB49}.Release|Any CPU.ActiveCfg = Release|Any CPU
		{23BCBBA1-02AE-4B8D-B2DC-F5F7C7B4DB49}.Release|Any CPU.Build.0 = Release|Any CPU
		{7C37D836-1E92-451F-B2D4-45E42601FA67}.Debug|Any CPU.ActiveCfg = Debug|Any CPU
		{7C37D836-1E92-451F-B2D4-45E42601FA67}.Debug|Any CPU.Build.0 = Debug|Any CPU
		{7C37D836-1E92-451F-B2D4-45E42601FA67}.Release|Any CPU.ActiveCfg = Release|Any CPU
		{7C37D836-1E92-451F-B2D4-45E42601FA67}.Release|Any CPU.Build.0 = Release|Any CPU
		{7EB08996-B978-4B02-BF97-ECE7569BD3B2}.Debug|Any CPU.ActiveCfg = Debug|Any CPU
		{7EB08996-B978-4B02-BF97-ECE7569BD3B2}.Debug|Any CPU.Build.0 = Debug|Any CPU
		{7EB08996-B978-4B02-BF97-ECE7569BD3B2}.Release|Any CPU.ActiveCfg = Release|Any CPU
		{7EB08996-B978-4B02-BF97-ECE7569BD3B2}.Release|Any CPU.Build.0 = Release|Any CPU
		{7E9558F7-98B8-4A77-AC92-246C44667579}.Debug|Any CPU.ActiveCfg = Debug|Any CPU
		{7E9558F7-98B8-4A77-AC92-246C44667579}.Debug|Any CPU.Build.0 = Debug|Any CPU
		{7E9558F7-98B8-4A77-AC92-246C44667579}.Release|Any CPU.ActiveCfg = Release|Any CPU
		{7E9558F7-98B8-4A77-AC92-246C44667579}.Release|Any CPU.Build.0 = Release|Any CPU
		{9C7B5D4E-EFF0-4BBA-9DA2-06492C946724}.Debug|Any CPU.ActiveCfg = Debug|Any CPU
		{9C7B5D4E-EFF0-4BBA-9DA2-06492C946724}.Debug|Any CPU.Build.0 = Debug|Any CPU
		{9C7B5D4E-EFF0-4BBA-9DA2-06492C946724}.Release|Any CPU.ActiveCfg = Release|Any CPU
		{9C7B5D4E-EFF0-4BBA-9DA2-06492C946724}.Release|Any CPU.Build.0 = Release|Any CPU
		{8ECABE3D-C2CC-48E4-88BF-8D9F92E1F90C}.Debug|Any CPU.ActiveCfg = Debug|Any CPU
		{8ECABE3D-C2CC-48E4-88BF-8D9F92E1F90C}.Debug|Any CPU.Build.0 = Debug|Any CPU
		{8ECABE3D-C2CC-48E4-88BF-8D9F92E1F90C}.Release|Any CPU.ActiveCfg = Release|Any CPU
		{8ECABE3D-C2CC-48E4-88BF-8D9F92E1F90C}.Release|Any CPU.Build.0 = Release|Any CPU
		{2232F813-DC17-4213-BC43-DD384EC55B04}.Debug|Any CPU.ActiveCfg = Debug|Any CPU
		{2232F813-DC17-4213-BC43-DD384EC55B04}.Debug|Any CPU.Build.0 = Debug|Any CPU
		{2232F813-DC17-4213-BC43-DD384EC55B04}.Release|Any CPU.ActiveCfg = Release|Any CPU
		{2232F813-DC17-4213-BC43-DD384EC55B04}.Release|Any CPU.Build.0 = Release|Any CPU
		{EF6BB5B2-F1BE-4489-B232-327C66F8AE75}.Debug|Any CPU.ActiveCfg = Debug|Any CPU
		{EF6BB5B2-F1BE-4489-B232-327C66F8AE75}.Debug|Any CPU.Build.0 = Debug|Any CPU
		{EF6BB5B2-F1BE-4489-B232-327C66F8AE75}.Release|Any CPU.ActiveCfg = Release|Any CPU
		{EF6BB5B2-F1BE-4489-B232-327C66F8AE75}.Release|Any CPU.Build.0 = Release|Any CPU
		{2DF37287-58A0-453E-ADFA-6C062177229C}.Debug|Any CPU.ActiveCfg = Debug|Any CPU
		{2DF37287-58A0-453E-ADFA-6C062177229C}.Debug|Any CPU.Build.0 = Debug|Any CPU
		{2DF37287-58A0-453E-ADFA-6C062177229C}.Release|Any CPU.ActiveCfg = Release|Any CPU
		{2DF37287-58A0-453E-ADFA-6C062177229C}.Release|Any CPU.Build.0 = Release|Any CPU
		{7DF10F8B-5944-4CEF-B288-F1D395521F88}.Debug|Any CPU.ActiveCfg = Debug|Any CPU
		{7DF10F8B-5944-4CEF-B288-F1D395521F88}.Debug|Any CPU.Build.0 = Debug|Any CPU
		{7DF10F8B-5944-4CEF-B288-F1D395521F88}.Release|Any CPU.ActiveCfg = Release|Any CPU
		{7DF10F8B-5944-4CEF-B288-F1D395521F88}.Release|Any CPU.Build.0 = Release|Any CPU
		{48FC5C5A-D233-451F-9883-8BC393F6CBD3}.Debug|Any CPU.ActiveCfg = Debug|Any CPU
		{48FC5C5A-D233-451F-9883-8BC393F6CBD3}.Debug|Any CPU.Build.0 = Debug|Any CPU
		{48FC5C5A-D233-451F-9883-8BC393F6CBD3}.Release|Any CPU.ActiveCfg = Release|Any CPU
		{48FC5C5A-D233-451F-9883-8BC393F6CBD3}.Release|Any CPU.Build.0 = Release|Any CPU
		{3F21B8C7-8614-4696-9314-79DDF1A18E4D}.Debug|Any CPU.ActiveCfg = Debug|Any CPU
		{3F21B8C7-8614-4696-9314-79DDF1A18E4D}.Debug|Any CPU.Build.0 = Debug|Any CPU
		{3F21B8C7-8614-4696-9314-79DDF1A18E4D}.Release|Any CPU.ActiveCfg = Release|Any CPU
		{3F21B8C7-8614-4696-9314-79DDF1A18E4D}.Release|Any CPU.Build.0 = Release|Any CPU
		{F1A6A0B4-8EB0-4DAC-A3A7-4794847BE524}.Debug|Any CPU.ActiveCfg = Debug|Any CPU
		{F1A6A0B4-8EB0-4DAC-A3A7-4794847BE524}.Debug|Any CPU.Build.0 = Debug|Any CPU
		{F1A6A0B4-8EB0-4DAC-A3A7-4794847BE524}.Release|Any CPU.ActiveCfg = Release|Any CPU
		{F1A6A0B4-8EB0-4DAC-A3A7-4794847BE524}.Release|Any CPU.Build.0 = Release|Any CPU
		{08334DD3-02FA-4322-90F8-8DB2DA6D9142}.Debug|Any CPU.ActiveCfg = Debug|Any CPU
		{08334DD3-02FA-4322-90F8-8DB2DA6D9142}.Debug|Any CPU.Build.0 = Debug|Any CPU
		{08334DD3-02FA-4322-90F8-8DB2DA6D9142}.Release|Any CPU.ActiveCfg = Release|Any CPU
		{08334DD3-02FA-4322-90F8-8DB2DA6D9142}.Release|Any CPU.Build.0 = Release|Any CPU
		{28F92558-33D8-4524-A5B7-BF22DCC230BB}.Debug|Any CPU.ActiveCfg = Debug|Any CPU
		{28F92558-33D8-4524-A5B7-BF22DCC230BB}.Debug|Any CPU.Build.0 = Debug|Any CPU
		{28F92558-33D8-4524-A5B7-BF22DCC230BB}.Release|Any CPU.ActiveCfg = Release|Any CPU
		{28F92558-33D8-4524-A5B7-BF22DCC230BB}.Release|Any CPU.Build.0 = Release|Any CPU
	EndGlobalSection
	GlobalSection(SolutionProperties) = preSolution
		HideSolutionNode = FALSE
	EndGlobalSection
	GlobalSection(ExtensibilityGlobals) = postSolution
		SolutionGuid = {CB69FA9B-B879-4654-953F-86F45B3FE14B}
	EndGlobalSection
EndGlobal
